
Microsoft Visual Studio Solution File, Format Version 12.00
# Visual Studio 14
VisualStudioVersion = 14.0.25420.1
MinimumVisualStudioVersion = 10.0.40219.1
Project("{FAE04EC0-301F-11D3-BF4B-00C04F79EFBC}") = "TodoList.Api", "Sources\TodoList.Api\TodoList.Api.csproj", "{12BFC809-A2FF-4460-ABC4-5B32EFDB305B}"
EndProject
Project("{FAE04EC0-301F-11D3-BF4B-00C04F79EFBC}") = "TodoList.Api.Tests", "Tests\TodoList.Api.Tests\TodoList.Api.Tests.csproj", "{FFDBCD08-6171-4514-9D21-3F2F54BF0DEB}"
EndProject
Project("{FAE04EC0-301F-11D3-BF4B-00C04F79EFBC}") = "TodoList.Repositories", "Sources\TodoList.Repositories\TodoList.Repositories.csproj", "{36B90034-283E-4C90-945A-C877B71A4513}"
EndProject
Project("{FAE04EC0-301F-11D3-BF4B-00C04F79EFBC}") = "TodoList.Contracts", "Sources\TodoList.Contracts\TodoList.Contracts.csproj", "{01BAAE19-FE73-49E3-AC97-DD3D430EE26C}"
EndProject
Project("{2150E333-8FDC-42A3-9474-1A3956D46DE8}") = "Sources", "Sources", "{9CB3C069-9A04-4658-9B60-043870D81CFC}"
EndProject
Project("{2150E333-8FDC-42A3-9474-1A3956D46DE8}") = "Tests", "Tests", "{CBE9039B-3AB1-46E4-94AC-651A2FA3D60D}"
EndProject
Project("{FAE04EC0-301F-11D3-BF4B-00C04F79EFBC}") = "TodoList.Services", "Sources\TodoList.Services\TodoList.Services.csproj", "{D3D02C04-F2E2-47DF-AB49-248028877279}"
EndProject
Project("{FAE04EC0-301F-11D3-BF4B-00C04F79EFBC}") = "TodoList.Services.Tests", "Tests\TodoList.Services.Tests\TodoList.Services.Tests.csproj", "{512F7ED2-1C7C-4CAF-A69D-90B07BED0D5D}"
EndProject
Project("{FAE04EC0-301F-11D3-BF4B-00C04F79EFBC}") = "TodoList.Contracts.Base", "TodoList.Contracts.Base\TodoList.Contracts.Base.csproj", "{B569866F-EB66-4707-8D71-0E391E5B53A9}"
EndProject
Global
	GlobalSection(SolutionConfigurationPlatforms) = preSolution
		Debug|Any CPU = Debug|Any CPU
		Release|Any CPU = Release|Any CPU
	EndGlobalSection
	GlobalSection(ProjectConfigurationPlatforms) = postSolution
		{12BFC809-A2FF-4460-ABC4-5B32EFDB305B}.Debug|Any CPU.ActiveCfg = Debug|Any CPU
		{12BFC809-A2FF-4460-ABC4-5B32EFDB305B}.Debug|Any CPU.Build.0 = Debug|Any CPU
		{12BFC809-A2FF-4460-ABC4-5B32EFDB305B}.Release|Any CPU.ActiveCfg = Release|Any CPU
		{12BFC809-A2FF-4460-ABC4-5B32EFDB305B}.Release|Any CPU.Build.0 = Release|Any CPU
		{FFDBCD08-6171-4514-9D21-3F2F54BF0DEB}.Debug|Any CPU.ActiveCfg = Debug|Any CPU
		{FFDBCD08-6171-4514-9D21-3F2F54BF0DEB}.Debug|Any CPU.Build.0 = Debug|Any CPU
		{FFDBCD08-6171-4514-9D21-3F2F54BF0DEB}.Release|Any CPU.ActiveCfg = Release|Any CPU
		{FFDBCD08-6171-4514-9D21-3F2F54BF0DEB}.Release|Any CPU.Build.0 = Release|Any CPU
		{36B90034-283E-4C90-945A-C877B71A4513}.Debug|Any CPU.ActiveCfg = Debug|Any CPU
		{36B90034-283E-4C90-945A-C877B71A4513}.Debug|Any CPU.Build.0 = Debug|Any CPU
		{36B90034-283E-4C90-945A-C877B71A4513}.Release|Any CPU.ActiveCfg = Release|Any CPU
		{36B90034-283E-4C90-945A-C877B71A4513}.Release|Any CPU.Build.0 = Release|Any CPU
		{01BAAE19-FE73-49E3-AC97-DD3D430EE26C}.Debug|Any CPU.ActiveCfg = Debug|Any CPU
		{01BAAE19-FE73-49E3-AC97-DD3D430EE26C}.Debug|Any CPU.Build.0 = Debug|Any CPU
		{01BAAE19-FE73-49E3-AC97-DD3D430EE26C}.Release|Any CPU.ActiveCfg = Release|Any CPU
		{01BAAE19-FE73-49E3-AC97-DD3D430EE26C}.Release|Any CPU.Build.0 = Release|Any CPU
		{D3D02C04-F2E2-47DF-AB49-248028877279}.Debug|Any CPU.ActiveCfg = Debug|Any CPU
		{D3D02C04-F2E2-47DF-AB49-248028877279}.Debug|Any CPU.Build.0 = Debug|Any CPU
		{D3D02C04-F2E2-47DF-AB49-248028877279}.Release|Any CPU.ActiveCfg = Release|Any CPU
		{D3D02C04-F2E2-47DF-AB49-248028877279}.Release|Any CPU.Build.0 = Release|Any CPU
		{512F7ED2-1C7C-4CAF-A69D-90B07BED0D5D}.Debug|Any CPU.ActiveCfg = Debug|Any CPU
		{512F7ED2-1C7C-4CAF-A69D-90B07BED0D5D}.Debug|Any CPU.Build.0 = Debug|Any CPU
		{512F7ED2-1C7C-4CAF-A69D-90B07BED0D5D}.Release|Any CPU.ActiveCfg = Release|Any CPU
		{512F7ED2-1C7C-4CAF-A69D-90B07BED0D5D}.Release|Any CPU.Build.0 = Release|Any CPU
		{B569866F-EB66-4707-8D71-0E391E5B53A9}.Debug|Any CPU.ActiveCfg = Debug|Any CPU
		{B569866F-EB66-4707-8D71-0E391E5B53A9}.Debug|Any CPU.Build.0 = Debug|Any CPU
		{B569866F-EB66-4707-8D71-0E391E5B53A9}.Release|Any CPU.ActiveCfg = Release|Any CPU
		{B569866F-EB66-4707-8D71-0E391E5B53A9}.Release|Any CPU.Build.0 = Release|Any CPU
	EndGlobalSection
	GlobalSection(SolutionProperties) = preSolution
		HideSolutionNode = FALSE
	EndGlobalSection
	GlobalSection(NestedProjects) = preSolution
		{12BFC809-A2FF-4460-ABC4-5B32EFDB305B} = {9CB3C069-9A04-4658-9B60-043870D81CFC}
		{FFDBCD08-6171-4514-9D21-3F2F54BF0DEB} = {CBE9039B-3AB1-46E4-94AC-651A2FA3D60D}
		{36B90034-283E-4C90-945A-C877B71A4513} = {9CB3C069-9A04-4658-9B60-043870D81CFC}
		{01BAAE19-FE73-49E3-AC97-DD3D430EE26C} = {9CB3C069-9A04-4658-9B60-043870D81CFC}
		{D3D02C04-F2E2-47DF-AB49-248028877279} = {9CB3C069-9A04-4658-9B60-043870D81CFC}
		{512F7ED2-1C7C-4CAF-A69D-90B07BED0D5D} = {CBE9039B-3AB1-46E4-94AC-651A2FA3D60D}
		{B569866F-EB66-4707-8D71-0E391E5B53A9} = {CBE9039B-3AB1-46E4-94AC-651A2FA3D60D}
	EndGlobalSection
EndGlobal
